
Microsoft Visual Studio Solution File, Format Version 12.00
# Visual Studio 2012
Project("{FAE04EC0-301F-11D3-BF4B-00C04F79EFBC}") = "Stikprove.Api", "Stikprove.Api\Stikprove.Api.csproj", "{CA1A036D-AB44-4C43-B3B2-F6CBFD07B892}"
EndProject
Project("{FAE04EC0-301F-11D3-BF4B-00C04F79EFBC}") = "Stikprove.Tests", "Stikprove.Tests\Stikprove.Tests.csproj", "{431739CB-61F7-4230-9B98-0B559D1F3C10}"
EndProject
Global
	GlobalSection(SolutionConfigurationPlatforms) = preSolution
		Debug|Any CPU = Debug|Any CPU
		Release|Any CPU = Release|Any CPU
	EndGlobalSection
	GlobalSection(ProjectConfigurationPlatforms) = postSolution
		{CA1A036D-AB44-4C43-B3B2-F6CBFD07B892}.Debug|Any CPU.ActiveCfg = Debug|Any CPU
		{CA1A036D-AB44-4C43-B3B2-F6CBFD07B892}.Debug|Any CPU.Build.0 = Debug|Any CPU
		{CA1A036D-AB44-4C43-B3B2-F6CBFD07B892}.Debug|Any CPU.Deploy.0 = Debug|Any CPU
		{CA1A036D-AB44-4C43-B3B2-F6CBFD07B892}.Release|Any CPU.ActiveCfg = Release|Any CPU
		{CA1A036D-AB44-4C43-B3B2-F6CBFD07B892}.Release|Any CPU.Build.0 = Release|Any CPU
		{431739CB-61F7-4230-9B98-0B559D1F3C10}.Debug|Any CPU.ActiveCfg = Debug|Any CPU
		{431739CB-61F7-4230-9B98-0B559D1F3C10}.Debug|Any CPU.Build.0 = Debug|Any CPU
		{431739CB-61F7-4230-9B98-0B559D1F3C10}.Release|Any CPU.ActiveCfg = Release|Any CPU
		{431739CB-61F7-4230-9B98-0B559D1F3C10}.Release|Any CPU.Build.0 = Release|Any CPU
	EndGlobalSection
	GlobalSection(SolutionProperties) = preSolution
		HideSolutionNode = FALSE
	EndGlobalSection
EndGlobal
